
Microsoft Visual Studio Solution File, Format Version 12.00
# Visual Studio Version 17
VisualStudioVersion = 17.10.34928.147
MinimumVisualStudioVersion = 10.0.40219.1
Project("{9A19103F-16F7-4668-BE54-9A1E7A4F7556}") = "FrontEnd App", "FrontEnd App\FrontEnd App.csproj", "{13D0B7BD-7F73-4949-8CDB-B8A7DAC5CCEF}"
EndProject
Project("{FAE04EC0-301F-11D3-BF4B-00C04F79EFBC}") = "BackEnd App", "BackEnd App\BackEnd App.csproj", "{9504A5AD-50E8-4D03-A555-DDECAC53D2D9}"
EndProject
Project("{FAE04EC0-301F-11D3-BF4B-00C04F79EFBC}") = "Admin Dashboard", "Admin Dashboard\Admin Dashboard.csproj", "{7AE89D94-16DE-431F-BEC4-F02D0DFFF0C1}"
EndProject
Global
	GlobalSection(SolutionConfigurationPlatforms) = preSolution
		Debug|Any CPU = Debug|Any CPU
		Release|Any CPU = Release|Any CPU
	EndGlobalSection
	GlobalSection(ProjectConfigurationPlatforms) = postSolution
		{13D0B7BD-7F73-4949-8CDB-B8A7DAC5CCEF}.Debug|Any CPU.ActiveCfg = Debug|Any CPU
		{13D0B7BD-7F73-4949-8CDB-B8A7DAC5CCEF}.Debug|Any CPU.Build.0 = Debug|Any CPU
		{13D0B7BD-7F73-4949-8CDB-B8A7DAC5CCEF}.Release|Any CPU.ActiveCfg = Release|Any CPU
		{13D0B7BD-7F73-4949-8CDB-B8A7DAC5CCEF}.Release|Any CPU.Build.0 = Release|Any CPU
		{9504A5AD-50E8-4D03-A555-DDECAC53D2D9}.Debug|Any CPU.ActiveCfg = Debug|Any CPU
		{9504A5AD-50E8-4D03-A555-DDECAC53D2D9}.Debug|Any CPU.Build.0 = Debug|Any CPU
		{9504A5AD-50E8-4D03-A555-DDECAC53D2D9}.Release|Any CPU.ActiveCfg = Release|Any CPU
		{9504A5AD-50E8-4D03-A555-DDECAC53D2D9}.Release|Any CPU.Build.0 = Release|Any CPU
		{7AE89D94-16DE-431F-BEC4-F02D0DFFF0C1}.Debug|Any CPU.ActiveCfg = Debug|Any CPU
		{7AE89D94-16DE-431F-BEC4-F02D0DFFF0C1}.Debug|Any CPU.Build.0 = Debug|Any CPU
		{7AE89D94-16DE-431F-BEC4-F02D0DFFF0C1}.Release|Any CPU.ActiveCfg = Release|Any CPU
		{7AE89D94-16DE-431F-BEC4-F02D0DFFF0C1}.Release|Any CPU.Build.0 = Release|Any CPU
	EndGlobalSection
	GlobalSection(SolutionProperties) = preSolution
		HideSolutionNode = FALSE
	EndGlobalSection
	GlobalSection(ExtensibilityGlobals) = postSolution
		SolutionGuid = {10856AA4-BE8B-44C2-8A51-555E7CE76525}
	EndGlobalSection
EndGlobal
